
Microsoft Visual Studio Solution File, Format Version 12.00
# Visual Studio Version 17
VisualStudioVersion = 17.0.31903.59
MinimumVisualStudioVersion = 10.0.40219.1
Project("{2150E333-8FDC-42A3-9474-1A3956D46DE8}") = "src", "src", "{827E0CD3-B72D-47B6-A68D-7590B98EB39B}"
EndProject
Project("{FAE04EC0-301F-11D3-BF4B-00C04F79EFBC}") = "StoryVoice.Domain", "src\StoryVoice.Domain\StoryVoice.Domain.csproj", "{75C20993-D6E1-46AB-9F4F-2767CDD74E09}"
EndProject
Project("{FAE04EC0-301F-11D3-BF4B-00C04F79EFBC}") = "StoryVoice.Application", "src\StoryVoice.Application\StoryVoice.Application.csproj", "{D44FDF63-88FF-42DE-B851-57D02EAE4886}"
EndProject
Project("{FAE04EC0-301F-11D3-BF4B-00C04F79EFBC}") = "StoryVoice.Infrastructure", "src\StoryVoice.Infrastructure\StoryVoice.Infrastructure.csproj", "{BEB35C83-3910-4316-A4C3-913E5DBFCA73}"
EndProject
Project("{FAE04EC0-301F-11D3-BF4B-00C04F79EFBC}") = "StoryVoice.Api", "src\StoryVoice.Api\StoryVoice.Api.csproj", "{8258AC2D-C2DE-4206-97DE-1D97854CE425}"
EndProject
Project("{FAE04EC0-301F-11D3-BF4B-00C04F79EFBC}") = "StoryVoice.Worker", "src\StoryVoice.Worker\StoryVoice.Worker.csproj", "{53139C54-4CD8-437A-9FD6-F3FC3F36F507}"
EndProject
Project("{2150E333-8FDC-42A3-9474-1A3956D46DE8}") = "tests", "tests", "{0AB3BF05-4346-4AA6-1389-037BE0695223}"
EndProject
Project("{FAE04EC0-301F-11D3-BF4B-00C04F79EFBC}") = "StoryVoice.UnitTests", "tests\StoryVoice.UnitTests\StoryVoice.UnitTests.csproj", "{9E87B447-BDC4-497E-A8E9-587A5C273185}"
EndProject
Project("{FAE04EC0-301F-11D3-BF4B-00C04F79EFBC}") = "StoryVoice.IntegrationTests", "tests\StoryVoice.IntegrationTests\StoryVoice.IntegrationTests.csproj", "{2CB3BA49-A465-457B-9F2D-04E5445C8419}"
EndProject
Global
	GlobalSection(SolutionConfigurationPlatforms) = preSolution
		Debug|Any CPU = Debug|Any CPU
		Debug|x64 = Debug|x64
		Debug|x86 = Debug|x86
		Release|Any CPU = Release|Any CPU
		Release|x64 = Release|x64
		Release|x86 = Release|x86
	EndGlobalSection
	GlobalSection(ProjectConfigurationPlatforms) = postSolution
		{75C20993-D6E1-46AB-9F4F-2767CDD74E09}.Debug|Any CPU.ActiveCfg = Debug|Any CPU
		{75C20993-D6E1-46AB-9F4F-2767CDD74E09}.Debug|Any CPU.Build.0 = Debug|Any CPU
		{75C20993-D6E1-46AB-9F4F-2767CDD74E09}.Debug|x64.ActiveCfg = Debug|Any CPU
		{75C20993-D6E1-46AB-9F4F-2767CDD74E09}.Debug|x64.Build.0 = Debug|Any CPU
		{75C20993-D6E1-46AB-9F4F-2767CDD74E09}.Debug|x86.ActiveCfg = Debug|Any CPU
		{75C20993-D6E1-46AB-9F4F-2767CDD74E09}.Debug|x86.Build.0 = Debug|Any CPU
		{75C20993-D6E1-46AB-9F4F-2767CDD74E09}.Release|Any CPU.ActiveCfg = Release|Any CPU
		{75C20993-D6E1-46AB-9F4F-2767CDD74E09}.Release|Any CPU.Build.0 = Release|Any CPU
		{75C20993-D6E1-46AB-9F4F-2767CDD74E09}.Release|x64.ActiveCfg = Release|Any CPU
		{75C20993-D6E1-46AB-9F4F-2767CDD74E09}.Release|x64.Build.0 = Release|Any CPU
		{75C20993-D6E1-46AB-9F4F-2767CDD74E09}.Release|x86.ActiveCfg = Release|Any CPU
		{75C20993-D6E1-46AB-9F4F-2767CDD74E09}.Release|x86.Build.0 = Release|Any CPU
		{D44FDF63-88FF-42DE-B851-57D02EAE4886}.Debug|Any CPU.ActiveCfg = Debug|Any CPU
		{D44FDF63-88FF-42DE-B851-57D02EAE4886}.Debug|Any CPU.Build.0 = Debug|Any CPU
		{D44FDF63-88FF-42DE-B851-57D02EAE4886}.Debug|x64.ActiveCfg = Debug|Any CPU
		{D44FDF63-88FF-42DE-B851-57D02EAE4886}.Debug|x64.Build.0 = Debug|Any CPU
		{D44FDF63-88FF-42DE-B851-57D02EAE4886}.Debug|x86.ActiveCfg = Debug|Any CPU
		{D44FDF63-88FF-42DE-B851-57D02EAE4886}.Debug|x86.Build.0 = Debug|Any CPU
		{D44FDF63-88FF-42DE-B851-57D02EAE4886}.Release|Any CPU.ActiveCfg = Release|Any CPU
		{D44FDF63-88FF-42DE-B851-57D02EAE4886}.Release|Any CPU.Build.0 = Release|Any CPU
		{D44FDF63-88FF-42DE-B851-57D02EAE4886}.Release|x64.ActiveCfg = Release|Any CPU
		{D44FDF63-88FF-42DE-B851-57D02EAE4886}.Release|x64.Build.0 = Release|Any CPU
		{D44FDF63-88FF-42DE-B851-57D02EAE4886}.Release|x86.ActiveCfg = Release|Any CPU
		{D44FDF63-88FF-42DE-B851-57D02EAE4886}.Release|x86.Build.0 = Release|Any CPU
		{BEB35C83-3910-4316-A4C3-913E5DBFCA73}.Debug|Any CPU.ActiveCfg = Debug|Any CPU
		{BEB35C83-3910-4316-A4C3-913E5DBFCA73}.Debug|Any CPU.Build.0 = Debug|Any CPU
		{BEB35C83-3910-4316-A4C3-913E5DBFCA73}.Debug|x64.ActiveCfg = Debug|Any CPU
		{BEB35C83-3910-4316-A4C3-913E5DBFCA73}.Debug|x64.Build.0 = Debug|Any CPU
		{BEB35C83-3910-4316-A4C3-913E5DBFCA73}.Debug|x86.ActiveCfg = Debug|Any CPU
		{BEB35C83-3910-4316-A4C3-913E5DBFCA73}.Debug|x86.Build.0 = Debug|Any CPU
		{BEB35C83-3910-4316-A4C3-913E5DBFCA73}.Release|Any CPU.ActiveCfg = Release|Any CPU
		{BEB35C83-3910-4316-A4C3-913E5DBFCA73}.Release|Any CPU.Build.0 = Release|Any CPU
		{BEB35C83-3910-4316-A4C3-913E5DBFCA73}.Release|x64.ActiveCfg = Release|Any CPU
		{BEB35C83-3910-4316-A4C3-913E5DBFCA73}.Release|x64.Build.0 = Release|Any CPU
		{BEB35C83-3910-4316-A4C3-913E5DBFCA73}.Release|x86.ActiveCfg = Release|Any CPU
		{BEB35C83-3910-4316-A4C3-913E5DBFCA73}.Release|x86.Build.0 = Release|Any CPU
		{8258AC2D-C2DE-4206-97DE-1D97854CE425}.Debug|Any CPU.ActiveCfg = Debug|Any CPU
		{8258AC2D-C2DE-4206-97DE-1D97854CE425}.Debug|Any CPU.Build.0 = Debug|Any CPU
		{8258AC2D-C2DE-4206-97DE-1D97854CE425}.Debug|x64.ActiveCfg = Debug|Any CPU
		{8258AC2D-C2DE-4206-97DE-1D97854CE425}.Debug|x64.Build.0 = Debug|Any CPU
		{8258AC2D-C2DE-4206-97DE-1D97854CE425}.Debug|x86.ActiveCfg = Debug|Any CPU
		{8258AC2D-C2DE-4206-97DE-1D97854CE425}.Debug|x86.Build.0 = Debug|Any CPU
		{8258AC2D-C2DE-4206-97DE-1D97854CE425}.Release|Any CPU.ActiveCfg = Release|Any CPU
		{8258AC2D-C2DE-4206-97DE-1D97854CE425}.Release|Any CPU.Build.0 = Release|Any CPU
		{8258AC2D-C2DE-4206-97DE-1D97854CE425}.Release|x64.ActiveCfg = Release|Any CPU
		{8258AC2D-C2DE-4206-97DE-1D97854CE425}.Release|x64.Build.0 = Release|Any CPU
		{8258AC2D-C2DE-4206-97DE-1D97854CE425}.Release|x86.ActiveCfg = Release|Any CPU
		{8258AC2D-C2DE-4206-97DE-1D97854CE425}.Release|x86.Build.0 = Release|Any CPU
		{53139C54-4CD8-437A-9FD6-F3FC3F36F507}.Debug|Any CPU.ActiveCfg = Debug|Any CPU
		{53139C54-4CD8-437A-9FD6-F3FC3F36F507}.Debug|Any CPU.Build.0 = Debug|Any CPU
		{53139C54-4CD8-437A-9FD6-F3FC3F36F507}.Debug|x64.ActiveCfg = Debug|Any CPU
		{53139C54-4CD8-437A-9FD6-F3FC3F36F507}.Debug|x64.Build.0 = Debug|Any CPU
		{53139C54-4CD8-437A-9FD6-F3FC3F36F507}.Debug|x86.ActiveCfg = Debug|Any CPU
		{53139C54-4CD8-437A-9FD6-F3FC3F36F507}.Debug|x86.Build.0 = Debug|Any CPU
		{53139C54-4CD8-437A-9FD6-F3FC3F36F507}.Release|Any CPU.ActiveCfg = Release|Any CPU
		{53139C54-4CD8-437A-9FD6-F3FC3F36F507}.Release|Any CPU.Build.0 = Release|Any CPU
		{53139C54-4CD8-437A-9FD6-F3FC3F36F507}.Release|x64.ActiveCfg = Release|Any CPU
		{53139C54-4CD8-437A-9FD6-F3FC3F36F507}.Release|x64.Build.0 = Release|Any CPU
		{53139C54-4CD8-437A-9FD6-F3FC3F36F507}.Release|x86.ActiveCfg = Release|Any CPU
		{53139C54-4CD8-437A-9FD6-F3FC3F36F507}.Release|x86.Build.0 = Release|Any CPU
		{9E87B447-BDC4-497E-A8E9-587A5C273185}.Debug|Any CPU.ActiveCfg = Debug|Any CPU
		{9E87B447-BDC4-497E-A8E9-587A5C273185}.Debug|Any CPU.Build.0 = Debug|Any CPU
		{9E87B447-BDC4-497E-A8E9-587A5C273185}.Debug|x64.ActiveCfg = Debug|Any CPU
		{9E87B447-BDC4-497E-A8E9-587A5C273185}.Debug|x64.Build.0 = Debug|Any CPU
		{9E87B447-BDC4-497E-A8E9-587A5C273185}.Debug|x86.ActiveCfg = Debug|Any CPU
		{9E87B447-BDC4-497E-A8E9-587A5C273185}.Debug|x86.Build.0 = Debug|Any CPU
		{9E87B447-BDC4-497E-A8E9-587A5C273185}.Release|Any CPU.ActiveCfg = Release|Any CPU
		{9E87B447-BDC4-497E-A8E9-587A5C273185}.Release|Any CPU.Build.0 = Release|Any CPU
		{9E87B447-BDC4-497E-A8E9-587A5C273185}.Release|x64.ActiveCfg = Release|Any CPU
		{9E87B447-BDC4-497E-A8E9-587A5C273185}.Release|x64.Build.0 = Release|Any CPU
		{9E87B447-BDC4-497E-A8E9-587A5C273185}.Release|x86.ActiveCfg = Release|Any CPU
		{9E87B447-BDC4-497E-A8E9-587A5C273185}.Release|x86.Build.0 = Release|Any CPU
		{2CB3BA49-A465-457B-9F2D-04E5445C8419}.Debug|Any CPU.ActiveCfg = Debug|Any CPU
		{2CB3BA49-A465-457B-9F2D-04E5445C8419}.Debug|Any CPU.Build.0 = Debug|Any CPU
		{2CB3BA49-A465-457B-9F2D-04E5445C8419}.Debug|x64.ActiveCfg = Debug|Any CPU
		{2CB3BA49-A465-457B-9F2D-04E5445C8419}.Debug|x64.Build.0 = Debug|Any CPU
		{2CB3BA49-A465-457B-9F2D-04E5445C8419}.Debug|x86.ActiveCfg = Debug|Any CPU
		{2CB3BA49-A465-457B-9F2D-04E5445C8419}.Debug|x86.Build.0 = Debug|Any CPU
		{2CB3BA49-A465-457B-9F2D-04E5445C8419}.Release|Any CPU.ActiveCfg = Release|Any CPU
		{2CB3BA49-A465-457B-9F2D-04E5445C8419}.Release|Any CPU.Build.0 = Release|Any CPU
		{2CB3BA49-A465-457B-9F2D-04E5445C8419}.Release|x64.ActiveCfg = Release|Any CPU
		{2CB3BA49-A465-457B-9F2D-04E5445C8419}.Release|x64.Build.0 = Release|Any CPU
		{2CB3BA49-A465-457B-9F2D-04E5445C8419}.Release|x86.ActiveCfg = Release|Any CPU
		{2CB3BA49-A465-457B-9F2D-04E5445C8419}.Release|x86.Build.0 = Release|Any CPU
	EndGlobalSection
	GlobalSection(SolutionProperties) = preSolution
		HideSolutionNode = FALSE
	EndGlobalSection
	GlobalSection(NestedProjects) = preSolution
		{75C20993-D6E1-46AB-9F4F-2767CDD74E09} = {827E0CD3-B72D-47B6-A68D-7590B98EB39B}
		{D44FDF63-88FF-42DE-B851-57D02EAE4886} = {827E0CD3-B72D-47B6-A68D-7590B98EB39B}
		{BEB35C83-3910-4316-A4C3-913E5DBFCA73} = {827E0CD3-B72D-47B6-A68D-7590B98EB39B}
		{8258AC2D-C2DE-4206-97DE-1D97854CE425} = {827E0CD3-B72D-47B6-A68D-7590B98EB39B}
		{53139C54-4CD8-437A-9FD6-F3FC3F36F507} = {827E0CD3-B72D-47B6-A68D-7590B98EB39B}
		{9E87B447-BDC4-497E-A8E9-587A5C273185} = {0AB3BF05-4346-4AA6-1389-037BE0695223}
		{2CB3BA49-A465-457B-9F2D-04E5445C8419} = {0AB3BF05-4346-4AA6-1389-037BE0695223}
	EndGlobalSection
EndGlobal
